
Microsoft Visual Studio Solution File, Format Version 12.00
# Visual Studio Version 17
VisualStudioVersion = 17.0.31903.59
MinimumVisualStudioVersion = 10.0.40219.1
Project("{9A19103F-16F7-4668-BE54-9A1E7A4F7556}") = "BlazorServerSignalRApp2", "BlazorServerSignalRApp2\BlazorServerSignalRApp2.csproj", "{4594138D-BAE5-4641-91E9-0E337254F859}"
EndProject
Global
	GlobalSection(SolutionConfigurationPlatforms) = preSolution
		Debug|Any CPU = Debug|Any CPU
		Release|Any CPU = Release|Any CPU
	EndGlobalSection
	GlobalSection(ProjectConfigurationPlatforms) = postSolution
		{4594138D-BAE5-4641-91E9-0E337254F859}.Debug|Any CPU.ActiveCfg = Debug|Any CPU
		{4594138D-BAE5-4641-91E9-0E337254F859}.Debug|Any CPU.Build.0 = Debug|Any CPU
		{4594138D-BAE5-4641-91E9-0E337254F859}.Release|Any CPU.ActiveCfg = Release|Any CPU
		{4594138D-BAE5-4641-91E9-0E337254F859}.Release|Any CPU.Build.0 = Release|Any CPU
	EndGlobalSection
	GlobalSection(SolutionProperties) = preSolution
		HideSolutionNode = FALSE
	EndGlobalSection
	GlobalSection(ExtensibilityGlobals) = postSolution
		SolutionGuid = {F1EC8083-90AD-48DC-9B4C-C78ADE433FCB}
	EndGlobalSection
EndGlobal
